
Microsoft Visual Studio Solution File, Format Version 12.00
# Visual Studio Version 16
VisualStudioVersion = 16.0.31911.196
MinimumVisualStudioVersion = 10.0.40219.1
Project("{FAE04EC0-301F-11D3-BF4B-00C04F79EFBC}") = "OrderProcessing.Order", "OrderProcessing.Order\OrderProcessing.Order.csproj", "{61408BCC-F2E0-4DE1-8450-A9C5A006F215}"
EndProject
Project("{FAE04EC0-301F-11D3-BF4B-00C04F79EFBC}") = "OrderProcessing.Customer", "OrderProcessing.Customer\OrderProcessing.Customer.csproj", "{511C637F-3536-4C35-8A0F-CF51B085526D}"
EndProject
Project("{FAE04EC0-301F-11D3-BF4B-00C04F79EFBC}") = "OrderProcessing.Products", "OrderProcessing.Products\OrderProcessing.Products.csproj", "{559D6F07-0147-4D73-B788-1D53BAA2FCC9}"
EndProject
Project("{FAE04EC0-301F-11D3-BF4B-00C04F79EFBC}") = "OrderProcessing.ApiGateway", "OrderProcessing.ApiGateway\OrderProcessing.ApiGateway.csproj", "{9AA40209-75EA-41A0-854D-BA426FCE231C}"
EndProject
Global
	GlobalSection(SolutionConfigurationPlatforms) = preSolution
		Debug|Any CPU = Debug|Any CPU
		Release|Any CPU = Release|Any CPU
	EndGlobalSection
	GlobalSection(ProjectConfigurationPlatforms) = postSolution
		{61408BCC-F2E0-4DE1-8450-A9C5A006F215}.Debug|Any CPU.ActiveCfg = Debug|Any CPU
		{61408BCC-F2E0-4DE1-8450-A9C5A006F215}.Debug|Any CPU.Build.0 = Debug|Any CPU
		{61408BCC-F2E0-4DE1-8450-A9C5A006F215}.Release|Any CPU.ActiveCfg = Release|Any CPU
		{61408BCC-F2E0-4DE1-8450-A9C5A006F215}.Release|Any CPU.Build.0 = Release|Any CPU
		{511C637F-3536-4C35-8A0F-CF51B085526D}.Debug|Any CPU.ActiveCfg = Debug|Any CPU
		{511C637F-3536-4C35-8A0F-CF51B085526D}.Debug|Any CPU.Build.0 = Debug|Any CPU
		{511C637F-3536-4C35-8A0F-CF51B085526D}.Release|Any CPU.ActiveCfg = Release|Any CPU
		{511C637F-3536-4C35-8A0F-CF51B085526D}.Release|Any CPU.Build.0 = Release|Any CPU
		{559D6F07-0147-4D73-B788-1D53BAA2FCC9}.Debug|Any CPU.ActiveCfg = Debug|Any CPU
		{559D6F07-0147-4D73-B788-1D53BAA2FCC9}.Debug|Any CPU.Build.0 = Debug|Any CPU
		{559D6F07-0147-4D73-B788-1D53BAA2FCC9}.Release|Any CPU.ActiveCfg = Release|Any CPU
		{559D6F07-0147-4D73-B788-1D53BAA2FCC9}.Release|Any CPU.Build.0 = Release|Any CPU
		{9AA40209-75EA-41A0-854D-BA426FCE231C}.Debug|Any CPU.ActiveCfg = Debug|Any CPU
		{9AA40209-75EA-41A0-854D-BA426FCE231C}.Debug|Any CPU.Build.0 = Debug|Any CPU
		{9AA40209-75EA-41A0-854D-BA426FCE231C}.Release|Any CPU.ActiveCfg = Release|Any CPU
		{9AA40209-75EA-41A0-854D-BA426FCE231C}.Release|Any CPU.Build.0 = Release|Any CPU
	EndGlobalSection
	GlobalSection(SolutionProperties) = preSolution
		HideSolutionNode = FALSE
	EndGlobalSection
	GlobalSection(ExtensibilityGlobals) = postSolution
		SolutionGuid = {9804C3EF-22B7-4596-B3A7-7545662DFDE9}
	EndGlobalSection
EndGlobal
